
Microsoft Visual Studio Solution File, Format Version 12.00
# Visual Studio Version 17
VisualStudioVersion = 17.8.34004.107
MinimumVisualStudioVersion = 10.0.40219.1
Project("{FAE04EC0-301F-11D3-BF4B-00C04F79EFBC}") = "Ping search disabled", "Ping search disabled\Ping search disabled.csproj", "{15832EB3-25AC-443A-BF4D-BC102B5B5964}"
EndProject
Global
	GlobalSection(SolutionConfigurationPlatforms) = preSolution
		Debug|Any CPU = Debug|Any CPU
		Release|Any CPU = Release|Any CPU
	EndGlobalSection
	GlobalSection(ProjectConfigurationPlatforms) = postSolution
		{15832EB3-25AC-443A-BF4D-BC102B5B5964}.Debug|Any CPU.ActiveCfg = Debug|Any CPU
		{15832EB3-25AC-443A-BF4D-BC102B5B5964}.Debug|Any CPU.Build.0 = Debug|Any CPU
		{15832EB3-25AC-443A-BF4D-BC102B5B5964}.Release|Any CPU.ActiveCfg = Release|Any CPU
		{15832EB3-25AC-443A-BF4D-BC102B5B5964}.Release|Any CPU.Build.0 = Release|Any CPU
	EndGlobalSection
	GlobalSection(SolutionProperties) = preSolution
		HideSolutionNode = FALSE
	EndGlobalSection
	GlobalSection(ExtensibilityGlobals) = postSolution
		SolutionGuid = {ADE609D2-4BED-4CF4-A3CA-A21DEE173089}
	EndGlobalSection
EndGlobal
